
Microsoft Visual Studio Solution File, Format Version 12.00
# Visual Studio Version 17
VisualStudioVersion = 17.0.31903.59
MinimumVisualStudioVersion = 10.0.40219.1
Project("{FAE04EC0-301F-11D3-BF4B-00C04F79EFBC}") = "SelectiveVpn.V0", "src\SelectiveVpn.V0\SelectiveVpn.V0.csproj", "{B2C8D4E1-9A76-4F20-8B3C-1D5E6A7F8091}"
EndProject
Project("{FAE04EC0-301F-11D3-BF4B-00C04F79EFBC}") = "SelectiveVpnRouter.Core", "src\SelectiveVpnRouter.Core\SelectiveVpnRouter.Core.csproj", "{A1000001-0000-4000-8000-000000000001}"
EndProject
Project("{FAE04EC0-301F-11D3-BF4B-00C04F79EFBC}") = "SelectiveVpnRouter.Network", "src\SelectiveVpnRouter.Network\SelectiveVpnRouter.Network.csproj", "{A1000001-0000-4000-8000-000000000002}"
EndProject
Project("{FAE04EC0-301F-11D3-BF4B-00C04F79EFBC}") = "SelectiveVpnRouter.Proxy", "src\SelectiveVpnRouter.Proxy\SelectiveVpnRouter.Proxy.csproj", "{A1000001-0000-4000-8000-000000000003}"
EndProject
Project("{FAE04EC0-301F-11D3-BF4B-00C04F79EFBC}") = "SelectiveVpnRouter.Service", "src\SelectiveVpnRouter.Service\SelectiveVpnRouter.Service.csproj", "{A1000001-0000-4000-8000-000000000004}"
EndProject
Project("{FAE04EC0-301F-11D3-BF4B-00C04F79EFBC}") = "SelectiveVpnRouter.App", "src\SelectiveVpnRouter.App\SelectiveVpnRouter.App.csproj", "{A1000001-0000-4000-8000-000000000005}"
EndProject
Project("{FAE04EC0-301F-11D3-BF4B-00C04F79EFBC}") = "SelectiveVpnRouter.Probe", "src\SelectiveVpnRouter.Probe\SelectiveVpnRouter.Probe.csproj", "{A1000001-0000-4000-8000-000000000006}"
EndProject
Project("{FAE04EC0-301F-11D3-BF4B-00C04F79EFBC}") = "SelectiveVpnRouter.Core.Tests", "tests\SelectiveVpnRouter.Core.Tests\SelectiveVpnRouter.Core.Tests.csproj", "{A1000001-0000-4000-8000-000000000007}"
EndProject
Project("{FAE04EC0-301F-11D3-BF4B-00C04F79EFBC}") = "SelectiveVpnRouter.Proxy.Tests", "tests\SelectiveVpnRouter.Proxy.Tests\SelectiveVpnRouter.Proxy.Tests.csproj", "{A1000001-0000-4000-8000-000000000008}"
EndProject
Project("{2150E333-8FDC-42A3-9474-1A3956D46DE8}") = "src", "src", "{827E0CD3-B72D-47B6-A68D-7590B98EB39B}"
EndProject
Project("{FAE04EC0-301F-11D3-BF4B-00C04F79EFBC}") = "SelectiveVpnRouter.Bootstrap", "src\SelectiveVpnRouter.Bootstrap\SelectiveVpnRouter.Bootstrap.csproj", "{7B5AB614-246C-4B45-87F5-2EA7D383947C}"
EndProject
Project("{2150E333-8FDC-42A3-9474-1A3956D46DE8}") = "tests", "tests", "{0AB3BF05-4346-4AA6-1389-037BE0695223}"
EndProject
Project("{FAE04EC0-301F-11D3-BF4B-00C04F79EFBC}") = "SelectiveVpnRouter.BrowserRouting.Tests", "tests\SelectiveVpnRouter.BrowserRouting.Tests\SelectiveVpnRouter.BrowserRouting.Tests.csproj", "{C0D8DC98-20A1-47F3-9D84-408750D5B59D}"
EndProject
Project("{FAE04EC0-301F-11D3-BF4B-00C04F79EFBC}") = "SelectiveVpnRouter.BrowserRouting.TestHost", "tests\SelectiveVpnRouter.BrowserRouting.TestHost\SelectiveVpnRouter.BrowserRouting.TestHost.csproj", "{2D62E3F3-68AB-4092-80F1-5CDA734A6429}"
EndProject
Global
	GlobalSection(SolutionConfigurationPlatforms) = preSolution
		Debug|Any CPU = Debug|Any CPU
		Debug|x64 = Debug|x64
		Debug|x86 = Debug|x86
		Release|Any CPU = Release|Any CPU
		Release|x64 = Release|x64
		Release|x86 = Release|x86
	EndGlobalSection
	GlobalSection(ProjectConfigurationPlatforms) = postSolution
		{B2C8D4E1-9A76-4F20-8B3C-1D5E6A7F8091}.Debug|Any CPU.ActiveCfg = Debug|Any CPU
		{B2C8D4E1-9A76-4F20-8B3C-1D5E6A7F8091}.Debug|Any CPU.Build.0 = Debug|Any CPU
		{B2C8D4E1-9A76-4F20-8B3C-1D5E6A7F8091}.Debug|x64.ActiveCfg = Debug|Any CPU
		{B2C8D4E1-9A76-4F20-8B3C-1D5E6A7F8091}.Debug|x64.Build.0 = Debug|Any CPU
		{B2C8D4E1-9A76-4F20-8B3C-1D5E6A7F8091}.Debug|x86.ActiveCfg = Debug|Any CPU
		{B2C8D4E1-9A76-4F20-8B3C-1D5E6A7F8091}.Debug|x86.Build.0 = Debug|Any CPU
		{B2C8D4E1-9A76-4F20-8B3C-1D5E6A7F8091}.Release|Any CPU.ActiveCfg = Release|Any CPU
		{B2C8D4E1-9A76-4F20-8B3C-1D5E6A7F8091}.Release|Any CPU.Build.0 = Release|Any CPU
		{B2C8D4E1-9A76-4F20-8B3C-1D5E6A7F8091}.Release|x64.ActiveCfg = Release|Any CPU
		{B2C8D4E1-9A76-4F20-8B3C-1D5E6A7F8091}.Release|x64.Build.0 = Release|Any CPU
		{B2C8D4E1-9A76-4F20-8B3C-1D5E6A7F8091}.Release|x86.ActiveCfg = Release|Any CPU
		{B2C8D4E1-9A76-4F20-8B3C-1D5E6A7F8091}.Release|x86.Build.0 = Release|Any CPU
		{A1000001-0000-4000-8000-000000000001}.Debug|Any CPU.ActiveCfg = Debug|Any CPU
		{A1000001-0000-4000-8000-000000000001}.Debug|Any CPU.Build.0 = Debug|Any CPU
		{A1000001-0000-4000-8000-000000000001}.Debug|x64.ActiveCfg = Debug|Any CPU
		{A1000001-0000-4000-8000-000000000001}.Debug|x64.Build.0 = Debug|Any CPU
		{A1000001-0000-4000-8000-000000000001}.Debug|x86.ActiveCfg = Debug|Any CPU
		{A1000001-0000-4000-8000-000000000001}.Debug|x86.Build.0 = Debug|Any CPU
		{A1000001-0000-4000-8000-000000000001}.Release|Any CPU.ActiveCfg = Release|Any CPU
		{A1000001-0000-4000-8000-000000000001}.Release|Any CPU.Build.0 = Release|Any CPU
		{A1000001-0000-4000-8000-000000000001}.Release|x64.ActiveCfg = Release|Any CPU
		{A1000001-0000-4000-8000-000000000001}.Release|x64.Build.0 = Release|Any CPU
		{A1000001-0000-4000-8000-000000000001}.Release|x86.ActiveCfg = Release|Any CPU
		{A1000001-0000-4000-8000-000000000001}.Release|x86.Build.0 = Release|Any CPU
		{A1000001-0000-4000-8000-000000000002}.Debug|Any CPU.ActiveCfg = Debug|Any CPU
		{A1000001-0000-4000-8000-000000000002}.Debug|Any CPU.Build.0 = Debug|Any CPU
		{A1000001-0000-4000-8000-000000000002}.Debug|x64.ActiveCfg = Debug|Any CPU
		{A1000001-0000-4000-8000-000000000002}.Debug|x64.Build.0 = Debug|Any CPU
		{A1000001-0000-4000-8000-000000000002}.Debug|x86.ActiveCfg = Debug|Any CPU
		{A1000001-0000-4000-8000-000000000002}.Debug|x86.Build.0 = Debug|Any CPU
		{A1000001-0000-4000-8000-000000000002}.Release|Any CPU.ActiveCfg = Release|Any CPU
		{A1000001-0000-4000-8000-000000000002}.Release|Any CPU.Build.0 = Release|Any CPU
		{A1000001-0000-4000-8000-000000000002}.Release|x64.ActiveCfg = Release|Any CPU
		{A1000001-0000-4000-8000-000000000002}.Release|x64.Build.0 = Release|Any CPU
		{A1000001-0000-4000-8000-000000000002}.Release|x86.ActiveCfg = Release|Any CPU
		{A1000001-0000-4000-8000-000000000002}.Release|x86.Build.0 = Release|Any CPU
		{A1000001-0000-4000-8000-000000000003}.Debug|Any CPU.ActiveCfg = Debug|Any CPU
		{A1000001-0000-4000-8000-000000000003}.Debug|Any CPU.Build.0 = Debug|Any CPU
		{A1000001-0000-4000-8000-000000000003}.Debug|x64.ActiveCfg = Debug|Any CPU
		{A1000001-0000-4000-8000-000000000003}.Debug|x64.Build.0 = Debug|Any CPU
		{A1000001-0000-4000-8000-000000000003}.Debug|x86.ActiveCfg = Debug|Any CPU
		{A1000001-0000-4000-8000-000000000003}.Debug|x86.Build.0 = Debug|Any CPU
		{A1000001-0000-4000-8000-000000000003}.Release|Any CPU.ActiveCfg = Release|Any CPU
		{A1000001-0000-4000-8000-000000000003}.Release|Any CPU.Build.0 = Release|Any CPU
		{A1000001-0000-4000-8000-000000000003}.Release|x64.ActiveCfg = Release|Any CPU
		{A1000001-0000-4000-8000-000000000003}.Release|x64.Build.0 = Release|Any CPU
		{A1000001-0000-4000-8000-000000000003}.Release|x86.ActiveCfg = Release|Any CPU
		{A1000001-0000-4000-8000-000000000003}.Release|x86.Build.0 = Release|Any CPU
		{A1000001-0000-4000-8000-000000000004}.Debug|Any CPU.ActiveCfg = Debug|Any CPU
		{A1000001-0000-4000-8000-000000000004}.Debug|Any CPU.Build.0 = Debug|Any CPU
		{A1000001-0000-4000-8000-000000000004}.Debug|x64.ActiveCfg = Debug|Any CPU
		{A1000001-0000-4000-8000-000000000004}.Debug|x64.Build.0 = Debug|Any CPU
		{A1000001-0000-4000-8000-000000000004}.Debug|x86.ActiveCfg = Debug|Any CPU
		{A1000001-0000-4000-8000-000000000004}.Debug|x86.Build.0 = Debug|Any CPU
		{A1000001-0000-4000-8000-000000000004}.Release|Any CPU.ActiveCfg = Release|Any CPU
		{A1000001-0000-4000-8000-000000000004}.Release|Any CPU.Build.0 = Release|Any CPU
		{A1000001-0000-4000-8000-000000000004}.Release|x64.ActiveCfg = Release|Any CPU
		{A1000001-0000-4000-8000-000000000004}.Release|x64.Build.0 = Release|Any CPU
		{A1000001-0000-4000-8000-000000000004}.Release|x86.ActiveCfg = Release|Any CPU
		{A1000001-0000-4000-8000-000000000004}.Release|x86.Build.0 = Release|Any CPU
		{A1000001-0000-4000-8000-000000000005}.Debug|Any CPU.ActiveCfg = Debug|Any CPU
		{A1000001-0000-4000-8000-000000000005}.Debug|Any CPU.Build.0 = Debug|Any CPU
		{A1000001-0000-4000-8000-000000000005}.Debug|x64.ActiveCfg = Debug|Any CPU
		{A1000001-0000-4000-8000-000000000005}.Debug|x64.Build.0 = Debug|Any CPU
		{A1000001-0000-4000-8000-000000000005}.Debug|x86.ActiveCfg = Debug|Any CPU
		{A1000001-0000-4000-8000-000000000005}.Debug|x86.Build.0 = Debug|Any CPU
		{A1000001-0000-4000-8000-000000000005}.Release|Any CPU.ActiveCfg = Release|Any CPU
		{A1000001-0000-4000-8000-000000000005}.Release|Any CPU.Build.0 = Release|Any CPU
		{A1000001-0000-4000-8000-000000000005}.Release|x64.ActiveCfg = Release|Any CPU
		{A1000001-0000-4000-8000-000000000005}.Release|x64.Build.0 = Release|Any CPU
		{A1000001-0000-4000-8000-000000000005}.Release|x86.ActiveCfg = Release|Any CPU
		{A1000001-0000-4000-8000-000000000005}.Release|x86.Build.0 = Release|Any CPU
		{A1000001-0000-4000-8000-000000000006}.Debug|Any CPU.ActiveCfg = Debug|Any CPU
		{A1000001-0000-4000-8000-000000000006}.Debug|Any CPU.Build.0 = Debug|Any CPU
		{A1000001-0000-4000-8000-000000000006}.Debug|x64.ActiveCfg = Debug|Any CPU
		{A1000001-0000-4000-8000-000000000006}.Debug|x64.Build.0 = Debug|Any CPU
		{A1000001-0000-4000-8000-000000000006}.Debug|x86.ActiveCfg = Debug|Any CPU
		{A1000001-0000-4000-8000-000000000006}.Debug|x86.Build.0 = Debug|Any CPU
		{A1000001-0000-4000-8000-000000000006}.Release|Any CPU.ActiveCfg = Release|Any CPU
		{A1000001-0000-4000-8000-000000000006}.Release|Any CPU.Build.0 = Release|Any CPU
		{A1000001-0000-4000-8000-000000000006}.Release|x64.ActiveCfg = Release|Any CPU
		{A1000001-0000-4000-8000-000000000006}.Release|x64.Build.0 = Release|Any CPU
		{A1000001-0000-4000-8000-000000000006}.Release|x86.ActiveCfg = Release|Any CPU
		{A1000001-0000-4000-8000-000000000006}.Release|x86.Build.0 = Release|Any CPU
		{A1000001-0000-4000-8000-000000000007}.Debug|Any CPU.ActiveCfg = Debug|Any CPU
		{A1000001-0000-4000-8000-000000000007}.Debug|Any CPU.Build.0 = Debug|Any CPU
		{A1000001-0000-4000-8000-000000000007}.Debug|x64.ActiveCfg = Debug|Any CPU
		{A1000001-0000-4000-8000-000000000007}.Debug|x64.Build.0 = Debug|Any CPU
		{A1000001-0000-4000-8000-000000000007}.Debug|x86.ActiveCfg = Debug|Any CPU
		{A1000001-0000-4000-8000-000000000007}.Debug|x86.Build.0 = Debug|Any CPU
		{A1000001-0000-4000-8000-000000000007}.Release|Any CPU.ActiveCfg = Release|Any CPU
		{A1000001-0000-4000-8000-000000000007}.Release|Any CPU.Build.0 = Release|Any CPU
		{A1000001-0000-4000-8000-000000000007}.Release|x64.ActiveCfg = Release|Any CPU
		{A1000001-0000-4000-8000-000000000007}.Release|x64.Build.0 = Release|Any CPU
		{A1000001-0000-4000-8000-000000000007}.Release|x86.ActiveCfg = Release|Any CPU
		{A1000001-0000-4000-8000-000000000007}.Release|x86.Build.0 = Release|Any CPU
		{A1000001-0000-4000-8000-000000000008}.Debug|Any CPU.ActiveCfg = Debug|Any CPU
		{A1000001-0000-4000-8000-000000000008}.Debug|Any CPU.Build.0 = Debug|Any CPU
		{A1000001-0000-4000-8000-000000000008}.Debug|x64.ActiveCfg = Debug|Any CPU
		{A1000001-0000-4000-8000-000000000008}.Debug|x64.Build.0 = Debug|Any CPU
		{A1000001-0000-4000-8000-000000000008}.Debug|x86.ActiveCfg = Debug|Any CPU
		{A1000001-0000-4000-8000-000000000008}.Debug|x86.Build.0 = Debug|Any CPU
		{A1000001-0000-4000-8000-000000000008}.Release|Any CPU.ActiveCfg = Release|Any CPU
		{A1000001-0000-4000-8000-000000000008}.Release|Any CPU.Build.0 = Release|Any CPU
		{A1000001-0000-4000-8000-000000000008}.Release|x64.ActiveCfg = Release|Any CPU
		{A1000001-0000-4000-8000-000000000008}.Release|x64.Build.0 = Release|Any CPU
		{A1000001-0000-4000-8000-000000000008}.Release|x86.ActiveCfg = Release|Any CPU
		{A1000001-0000-4000-8000-000000000008}.Release|x86.Build.0 = Release|Any CPU
		{7B5AB614-246C-4B45-87F5-2EA7D383947C}.Debug|Any CPU.ActiveCfg = Debug|Any CPU
		{7B5AB614-246C-4B45-87F5-2EA7D383947C}.Debug|Any CPU.Build.0 = Debug|Any CPU
		{7B5AB614-246C-4B45-87F5-2EA7D383947C}.Debug|x64.ActiveCfg = Debug|Any CPU
		{7B5AB614-246C-4B45-87F5-2EA7D383947C}.Debug|x64.Build.0 = Debug|Any CPU
		{7B5AB614-246C-4B45-87F5-2EA7D383947C}.Debug|x86.ActiveCfg = Debug|Any CPU
		{7B5AB614-246C-4B45-87F5-2EA7D383947C}.Debug|x86.Build.0 = Debug|Any CPU
		{7B5AB614-246C-4B45-87F5-2EA7D383947C}.Release|Any CPU.ActiveCfg = Release|Any CPU
		{7B5AB614-246C-4B45-87F5-2EA7D383947C}.Release|Any CPU.Build.0 = Release|Any CPU
		{7B5AB614-246C-4B45-87F5-2EA7D383947C}.Release|x64.ActiveCfg = Release|Any CPU
		{7B5AB614-246C-4B45-87F5-2EA7D383947C}.Release|x64.Build.0 = Release|Any CPU
		{7B5AB614-246C-4B45-87F5-2EA7D383947C}.Release|x86.ActiveCfg = Release|Any CPU
		{7B5AB614-246C-4B45-87F5-2EA7D383947C}.Release|x86.Build.0 = Release|Any CPU
		{C0D8DC98-20A1-47F3-9D84-408750D5B59D}.Debug|Any CPU.ActiveCfg = Debug|Any CPU
		{C0D8DC98-20A1-47F3-9D84-408750D5B59D}.Debug|Any CPU.Build.0 = Debug|Any CPU
		{C0D8DC98-20A1-47F3-9D84-408750D5B59D}.Debug|x64.ActiveCfg = Debug|Any CPU
		{C0D8DC98-20A1-47F3-9D84-408750D5B59D}.Debug|x64.Build.0 = Debug|Any CPU
		{C0D8DC98-20A1-47F3-9D84-408750D5B59D}.Debug|x86.ActiveCfg = Debug|Any CPU
		{C0D8DC98-20A1-47F3-9D84-408750D5B59D}.Debug|x86.Build.0 = Debug|Any CPU
		{C0D8DC98-20A1-47F3-9D84-408750D5B59D}.Release|Any CPU.ActiveCfg = Release|Any CPU
		{C0D8DC98-20A1-47F3-9D84-408750D5B59D}.Release|Any CPU.Build.0 = Release|Any CPU
		{C0D8DC98-20A1-47F3-9D84-408750D5B59D}.Release|x64.ActiveCfg = Release|Any CPU
		{C0D8DC98-20A1-47F3-9D84-408750D5B59D}.Release|x64.Build.0 = Release|Any CPU
		{C0D8DC98-20A1-47F3-9D84-408750D5B59D}.Release|x86.ActiveCfg = Release|Any CPU
		{C0D8DC98-20A1-47F3-9D84-408750D5B59D}.Release|x86.Build.0 = Release|Any CPU
		{2D62E3F3-68AB-4092-80F1-5CDA734A6429}.Debug|Any CPU.ActiveCfg = Debug|Any CPU
		{2D62E3F3-68AB-4092-80F1-5CDA734A6429}.Debug|Any CPU.Build.0 = Debug|Any CPU
		{2D62E3F3-68AB-4092-80F1-5CDA734A6429}.Debug|x64.ActiveCfg = Debug|Any CPU
		{2D62E3F3-68AB-4092-80F1-5CDA734A6429}.Debug|x64.Build.0 = Debug|Any CPU
		{2D62E3F3-68AB-4092-80F1-5CDA734A6429}.Debug|x86.ActiveCfg = Debug|Any CPU
		{2D62E3F3-68AB-4092-80F1-5CDA734A6429}.Debug|x86.Build.0 = Debug|Any CPU
		{2D62E3F3-68AB-4092-80F1-5CDA734A6429}.Release|Any CPU.ActiveCfg = Release|Any CPU
		{2D62E3F3-68AB-4092-80F1-5CDA734A6429}.Release|Any CPU.Build.0 = Release|Any CPU
		{2D62E3F3-68AB-4092-80F1-5CDA734A6429}.Release|x64.ActiveCfg = Release|Any CPU
		{2D62E3F3-68AB-4092-80F1-5CDA734A6429}.Release|x64.Build.0 = Release|Any CPU
		{2D62E3F3-68AB-4092-80F1-5CDA734A6429}.Release|x86.ActiveCfg = Release|Any CPU
		{2D62E3F3-68AB-4092-80F1-5CDA734A6429}.Release|x86.Build.0 = Release|Any CPU
	EndGlobalSection
	GlobalSection(SolutionProperties) = preSolution
		HideSolutionNode = FALSE
	EndGlobalSection
	GlobalSection(NestedProjects) = preSolution
		{7B5AB614-246C-4B45-87F5-2EA7D383947C} = {827E0CD3-B72D-47B6-A68D-7590B98EB39B}
		{C0D8DC98-20A1-47F3-9D84-408750D5B59D} = {0AB3BF05-4346-4AA6-1389-037BE0695223}
		{2D62E3F3-68AB-4092-80F1-5CDA734A6429} = {0AB3BF05-4346-4AA6-1389-037BE0695223}
	EndGlobalSection
EndGlobal
